
Microsoft Visual Studio Solution File, Format Version 12.00
# Visual Studio Version 17
VisualStudioVersion = 17.13.35818.85 d17.13
MinimumVisualStudioVersion = 10.0.40219.1
Project("{FAE04EC0-301F-11D3-BF4B-00C04F79EFBC}") = "tpmodul5_103022300050", "tpmodul5_103022300050\tpmodul5_103022300050.csproj", "{AFE3A607-2E41-42A2-B56B-5FBBF348E6BA}"
EndProject
Global
	GlobalSection(SolutionConfigurationPlatforms) = preSolution
		Debug|Any CPU = Debug|Any CPU
		Release|Any CPU = Release|Any CPU
	EndGlobalSection
	GlobalSection(ProjectConfigurationPlatforms) = postSolution
		{AFE3A607-2E41-42A2-B56B-5FBBF348E6BA}.Debug|Any CPU.ActiveCfg = Debug|Any CPU
		{AFE3A607-2E41-42A2-B56B-5FBBF348E6BA}.Debug|Any CPU.Build.0 = Debug|Any CPU
		{AFE3A607-2E41-42A2-B56B-5FBBF348E6BA}.Release|Any CPU.ActiveCfg = Release|Any CPU
		{AFE3A607-2E41-42A2-B56B-5FBBF348E6BA}.Release|Any CPU.Build.0 = Release|Any CPU
	EndGlobalSection
	GlobalSection(SolutionProperties) = preSolution
		HideSolutionNode = FALSE
	EndGlobalSection
	GlobalSection(ExtensibilityGlobals) = postSolution
		SolutionGuid = {6E277261-40E5-4EC1-94E1-76DDB884E9D6}
	EndGlobalSection
EndGlobal
